
Microsoft Visual Studio Solution File, Format Version 12.00
# Visual Studio 15
VisualStudioVersion = 15.0.28307.572
MinimumVisualStudioVersion = 10.0.40219.1
Project("{FAE04EC0-301F-11D3-BF4B-00C04F79EFBC}") = "TIMS.App.Android", "TIMS.App\TIMS.App.Android\TIMS.App.Android.csproj", "{D545A939-F33B-4ED6-88FD-67B2CFED5173}"
EndProject
Project("{FAE04EC0-301F-11D3-BF4B-00C04F79EFBC}") = "TIMS.App.iOS", "TIMS.App\TIMS.App.iOS\TIMS.App.iOS.csproj", "{DF822146-67BD-45DF-8FD6-1F953851DB0C}"
EndProject
Project("{9A19103F-16F7-4668-BE54-9A1E7A4F7556}") = "TIMS.App", "TIMS.App\TIMS.App\TIMS.App.csproj", "{98A516F9-655D-4CEB-A816-A2C0E7C3C6E5}"
EndProject
Project("{2150E333-8FDC-42A3-9474-1A3956D46DE8}") = "TIMS.App.Mobile", "TIMS.App.Mobile", "{CFE8041B-C6FB-4E12-ABF5-6B1CCBA5A868}"
EndProject
Project("{2150E333-8FDC-42A3-9474-1A3956D46DE8}") = "TIMS.App.Shared", "TIMS.App.Shared", "{50D6E400-A893-4D2E-B33A-02729769EF4C}"
EndProject
Project("{D954291E-2A0B-460D-934E-DC6B0785DB48}") = "TIMS.App.Shared", "TIMS.App.Shared\TIMS.App.Shared.shproj", "{504C5299-9EB5-425E-A885-30C808C467E4}"
EndProject
Project("{D954291E-2A0B-460D-934E-DC6B0785DB48}") = "TIMS.App.Mobile.Shared", "TIMS.App.Mobile.Shared\TIMS.App.Mobile.Shared.shproj", "{71986C3E-2FEF-4BC9-8A02-49014CE2C371}"
EndProject
Project("{2150E333-8FDC-42A3-9474-1A3956D46DE8}") = "TIMS.App", "TIMS.App", "{A06D6EDD-0672-46DB-9F04-4C396A2C6447}"
EndProject
Project("{FAE04EC0-301F-11D3-BF4B-00C04F79EFBC}") = "TIMS.App.WinForm", "TIMS.App.WinForm\TIMS.App.WinForm.csproj", "{F17A6F31-460F-48FA-8E2C-93FD721F39BD}"
EndProject
Project("{FAE04EC0-301F-11D3-BF4B-00C04F79EFBC}") = "TIMS.App.Web", "TIMS.App.Web\TIMS.App.Web.csproj", "{E717A0A6-DEF8-4ABD-8DCE-408002B285C5}"
EndProject
Global
	GlobalSection(SharedMSBuildProjectFiles) = preSolution
		TIMS.App.Shared\TIMS.App.Shared.projitems*{504c5299-9eb5-425e-a885-30c808c467e4}*SharedItemsImports = 13
		TIMS.App.Mobile.Shared\TIMS.App.Mobile.Shared.projitems*{71986c3e-2fef-4bc9-8a02-49014ce2c371}*SharedItemsImports = 13
		TIMS.App.Mobile.Shared\TIMS.App.Mobile.Shared.projitems*{d545a939-f33b-4ed6-88fd-67b2cfed5173}*SharedItemsImports = 4
		TIMS.App.Shared\TIMS.App.Shared.projitems*{d545a939-f33b-4ed6-88fd-67b2cfed5173}*SharedItemsImports = 4
		TIMS.App.Mobile.Shared\TIMS.App.Mobile.Shared.projitems*{df822146-67bd-45df-8fd6-1f953851db0c}*SharedItemsImports = 4
		TIMS.App.Shared\TIMS.App.Shared.projitems*{df822146-67bd-45df-8fd6-1f953851db0c}*SharedItemsImports = 4
		TIMS.App.Shared\TIMS.App.Shared.projitems*{e717a0a6-def8-4abd-8dce-408002b285c5}*SharedItemsImports = 4
		TIMS.App.Mobile.Shared\TIMS.App.Mobile.Shared.projitems*{f17a6f31-460f-48fa-8e2c-93fd721f39bd}*SharedItemsImports = 4
		TIMS.App.Shared\TIMS.App.Shared.projitems*{f17a6f31-460f-48fa-8e2c-93fd721f39bd}*SharedItemsImports = 4
	EndGlobalSection
	GlobalSection(SolutionConfigurationPlatforms) = preSolution
		Ad-Hoc|Any CPU = Ad-Hoc|Any CPU
		Ad-Hoc|ARM = Ad-Hoc|ARM
		Ad-Hoc|iPhone = Ad-Hoc|iPhone
		Ad-Hoc|iPhoneSimulator = Ad-Hoc|iPhoneSimulator
		Ad-Hoc|x64 = Ad-Hoc|x64
		Ad-Hoc|x86 = Ad-Hoc|x86
		AppStore|Any CPU = AppStore|Any CPU
		AppStore|ARM = AppStore|ARM
		AppStore|iPhone = AppStore|iPhone
		AppStore|iPhoneSimulator = AppStore|iPhoneSimulator
		AppStore|x64 = AppStore|x64
		AppStore|x86 = AppStore|x86
		Debug|Any CPU = Debug|Any CPU
		Debug|ARM = Debug|ARM
		Debug|iPhone = Debug|iPhone
		Debug|iPhoneSimulator = Debug|iPhoneSimulator
		Debug|x64 = Debug|x64
		Debug|x86 = Debug|x86
		Release|Any CPU = Release|Any CPU
		Release|ARM = Release|ARM
		Release|iPhone = Release|iPhone
		Release|iPhoneSimulator = Release|iPhoneSimulator
		Release|x64 = Release|x64
		Release|x86 = Release|x86
	EndGlobalSection
	GlobalSection(ProjectConfigurationPlatforms) = postSolution
		{D545A939-F33B-4ED6-88FD-67B2CFED5173}.Ad-Hoc|Any CPU.ActiveCfg = Release|Any CPU
		{D545A939-F33B-4ED6-88FD-67B2CFED5173}.Ad-Hoc|Any CPU.Build.0 = Release|Any CPU
		{D545A939-F33B-4ED6-88FD-67B2CFED5173}.Ad-Hoc|Any CPU.Deploy.0 = Release|Any CPU
		{D545A939-F33B-4ED6-88FD-67B2CFED5173}.Ad-Hoc|ARM.ActiveCfg = Debug|Any CPU
		{D545A939-F33B-4ED6-88FD-67B2CFED5173}.Ad-Hoc|ARM.Build.0 = Debug|Any CPU
		{D545A939-F33B-4ED6-88FD-67B2CFED5173}.Ad-Hoc|ARM.Deploy.0 = Debug|Any CPU
		{D545A939-F33B-4ED6-88FD-67B2CFED5173}.Ad-Hoc|iPhone.ActiveCfg = Release|Any CPU
		{D545A939-F33B-4ED6-88FD-67B2CFED5173}.Ad-Hoc|iPhone.Build.0 = Release|Any CPU
		{D545A939-F33B-4ED6-88FD-67B2CFED5173}.Ad-Hoc|iPhone.Deploy.0 = Release|Any CPU
		{D545A939-F33B-4ED6-88FD-67B2CFED5173}.Ad-Hoc|iPhoneSimulator.ActiveCfg = Release|Any CPU
		{D545A939-F33B-4ED6-88FD-67B2CFED5173}.Ad-Hoc|iPhoneSimulator.Build.0 = Release|Any CPU
		{D545A939-F33B-4ED6-88FD-67B2CFED5173}.Ad-Hoc|iPhoneSimulator.Deploy.0 = Release|Any CPU
		{D545A939-F33B-4ED6-88FD-67B2CFED5173}.Ad-Hoc|x64.ActiveCfg = Debug|Any CPU
		{D545A939-F33B-4ED6-88FD-67B2CFED5173}.Ad-Hoc|x64.Build.0 = Debug|Any CPU
		{D545A939-F33B-4ED6-88FD-67B2CFED5173}.Ad-Hoc|x64.Deploy.0 = Debug|Any CPU
		{D545A939-F33B-4ED6-88FD-67B2CFED5173}.Ad-Hoc|x86.ActiveCfg = Debug|Any CPU
		{D545A939-F33B-4ED6-88FD-67B2CFED5173}.Ad-Hoc|x86.Build.0 = Debug|Any CPU
		{D545A939-F33B-4ED6-88FD-67B2CFED5173}.Ad-Hoc|x86.Deploy.0 = Debug|Any CPU
		{D545A939-F33B-4ED6-88FD-67B2CFED5173}.AppStore|Any CPU.ActiveCfg = Release|Any CPU
		{D545A939-F33B-4ED6-88FD-67B2CFED5173}.AppStore|Any CPU.Build.0 = Release|Any CPU
		{D545A939-F33B-4ED6-88FD-67B2CFED5173}.AppStore|Any CPU.Deploy.0 = Release|Any CPU
		{D545A939-F33B-4ED6-88FD-67B2CFED5173}.AppStore|ARM.ActiveCfg = Debug|Any CPU
		{D545A939-F33B-4ED6-88FD-67B2CFED5173}.AppStore|ARM.Build.0 = Debug|Any CPU
		{D545A939-F33B-4ED6-88FD-67B2CFED5173}.AppStore|ARM.Deploy.0 = Debug|Any CPU
		{D545A939-F33B-4ED6-88FD-67B2CFED5173}.AppStore|iPhone.ActiveCfg = Release|Any CPU
		{D545A939-F33B-4ED6-88FD-67B2CFED5173}.AppStore|iPhone.Build.0 = Release|Any CPU
		{D545A939-F33B-4ED6-88FD-67B2CFED5173}.AppStore|iPhone.Deploy.0 = Release|Any CPU
		{D545A939-F33B-4ED6-88FD-67B2CFED5173}.AppStore|iPhoneSimulator.ActiveCfg = Release|Any CPU
		{D545A939-F33B-4ED6-88FD-67B2CFED5173}.AppStore|iPhoneSimulator.Build.0 = Release|Any CPU
		{D545A939-F33B-4ED6-88FD-67B2CFED5173}.AppStore|iPhoneSimulator.Deploy.0 = Release|Any CPU
		{D545A939-F33B-4ED6-88FD-67B2CFED5173}.AppStore|x64.ActiveCfg = Debug|Any CPU
		{D545A939-F33B-4ED6-88FD-67B2CFED5173}.AppStore|x64.Build.0 = Debug|Any CPU
		{D545A939-F33B-4ED6-88FD-67B2CFED5173}.AppStore|x64.Deploy.0 = Debug|Any CPU
		{D545A939-F33B-4ED6-88FD-67B2CFED5173}.AppStore|x86.ActiveCfg = Debug|Any CPU
		{D545A939-F33B-4ED6-88FD-67B2CFED5173}.AppStore|x86.Build.0 = Debug|Any CPU
		{D545A939-F33B-4ED6-88FD-67B2CFED5173}.AppStore|x86.Deploy.0 = Debug|Any CPU
		{D545A939-F33B-4ED6-88FD-67B2CFED5173}.Debug|Any CPU.ActiveCfg = Debug|Any CPU
		{D545A939-F33B-4ED6-88FD-67B2CFED5173}.Debug|Any CPU.Build.0 = Debug|Any CPU
		{D545A939-F33B-4ED6-88FD-67B2CFED5173}.Debug|Any CPU.Deploy.0 = Debug|Any CPU
		{D545A939-F33B-4ED6-88FD-67B2CFED5173}.Debug|ARM.ActiveCfg = Debug|Any CPU
		{D545A939-F33B-4ED6-88FD-67B2CFED5173}.Debug|ARM.Build.0 = Debug|Any CPU
		{D545A939-F33B-4ED6-88FD-67B2CFED5173}.Debug|ARM.Deploy.0 = Debug|Any CPU
		{D545A939-F33B-4ED6-88FD-67B2CFED5173}.Debug|iPhone.ActiveCfg = Debug|Any CPU
		{D545A939-F33B-4ED6-88FD-67B2CFED5173}.Debug|iPhone.Build.0 = Debug|Any CPU
		{D545A939-F33B-4ED6-88FD-67B2CFED5173}.Debug|iPhone.Deploy.0 = Debug|Any CPU
		{D545A939-F33B-4ED6-88FD-67B2CFED5173}.Debug|iPhoneSimulator.ActiveCfg = Debug|Any CPU
		{D545A939-F33B-4ED6-88FD-67B2CFED5173}.Debug|iPhoneSimulator.Build.0 = Debug|Any CPU
		{D545A939-F33B-4ED6-88FD-67B2CFED5173}.Debug|iPhoneSimulator.Deploy.0 = Debug|Any CPU
		{D545A939-F33B-4ED6-88FD-67B2CFED5173}.Debug|x64.ActiveCfg = Debug|Any CPU
		{D545A939-F33B-4ED6-88FD-67B2CFED5173}.Debug|x64.Build.0 = Debug|Any CPU
		{D545A939-F33B-4ED6-88FD-67B2CFED5173}.Debug|x64.Deploy.0 = Debug|Any CPU
		{D545A939-F33B-4ED6-88FD-67B2CFED5173}.Debug|x86.ActiveCfg = Debug|Any CPU
		{D545A939-F33B-4ED6-88FD-67B2CFED5173}.Debug|x86.Build.0 = Debug|Any CPU
		{D545A939-F33B-4ED6-88FD-67B2CFED5173}.Debug|x86.Deploy.0 = Debug|Any CPU
		{D545A939-F33B-4ED6-88FD-67B2CFED5173}.Release|Any CPU.ActiveCfg = Release|Any CPU
		{D545A939-F33B-4ED6-88FD-67B2CFED5173}.Release|Any CPU.Build.0 = Release|Any CPU
		{D545A939-F33B-4ED6-88FD-67B2CFED5173}.Release|Any CPU.Deploy.0 = Release|Any CPU
		{D545A939-F33B-4ED6-88FD-67B2CFED5173}.Release|ARM.ActiveCfg = Release|Any CPU
		{D545A939-F33B-4ED6-88FD-67B2CFED5173}.Release|ARM.Build.0 = Release|Any CPU
		{D545A939-F33B-4ED6-88FD-67B2CFED5173}.Release|ARM.Deploy.0 = Release|Any CPU
		{D545A939-F33B-4ED6-88FD-67B2CFED5173}.Release|iPhone.ActiveCfg = Release|Any CPU
		{D545A939-F33B-4ED6-88FD-67B2CFED5173}.Release|iPhone.Build.0 = Release|Any CPU
		{D545A939-F33B-4ED6-88FD-67B2CFED5173}.Release|iPhone.Deploy.0 = Release|Any CPU
		{D545A939-F33B-4ED6-88FD-67B2CFED5173}.Release|iPhoneSimulator.ActiveCfg = Release|Any CPU
		{D545A939-F33B-4ED6-88FD-67B2CFED5173}.Release|iPhoneSimulator.Build.0 = Release|Any CPU
		{D545A939-F33B-4ED6-88FD-67B2CFED5173}.Release|iPhoneSimulator.Deploy.0 = Release|Any CPU
		{D545A939-F33B-4ED6-88FD-67B2CFED5173}.Release|x64.ActiveCfg = Release|Any CPU
		{D545A939-F33B-4ED6-88FD-67B2CFED5173}.Release|x64.Build.0 = Release|Any CPU
		{D545A939-F33B-4ED6-88FD-67B2CFED5173}.Release|x64.Deploy.0 = Release|Any CPU
		{D545A939-F33B-4ED6-88FD-67B2CFED5173}.Release|x86.ActiveCfg = Release|Any CPU
		{D545A939-F33B-4ED6-88FD-67B2CFED5173}.Release|x86.Build.0 = Release|Any CPU
		{D545A939-F33B-4ED6-88FD-67B2CFED5173}.Release|x86.Deploy.0 = Release|Any CPU
		{DF822146-67BD-45DF-8FD6-1F953851DB0C}.Ad-Hoc|Any CPU.ActiveCfg = Ad-Hoc|iPhone
		{DF822146-67BD-45DF-8FD6-1F953851DB0C}.Ad-Hoc|Any CPU.Build.0 = Ad-Hoc|iPhone
		{DF822146-67BD-45DF-8FD6-1F953851DB0C}.Ad-Hoc|Any CPU.Deploy.0 = Ad-Hoc|iPhone
		{DF822146-67BD-45DF-8FD6-1F953851DB0C}.Ad-Hoc|ARM.ActiveCfg = Ad-Hoc|iPhoneSimulator
		{DF822146-67BD-45DF-8FD6-1F953851DB0C}.Ad-Hoc|iPhone.ActiveCfg = Ad-Hoc|iPhone
		{DF822146-67BD-45DF-8FD6-1F953851DB0C}.Ad-Hoc|iPhone.Build.0 = Ad-Hoc|iPhone
		{DF822146-67BD-45DF-8FD6-1F953851DB0C}.Ad-Hoc|iPhone.Deploy.0 = Ad-Hoc|iPhone
		{DF822146-67BD-45DF-8FD6-1F953851DB0C}.Ad-Hoc|iPhoneSimulator.ActiveCfg = Ad-Hoc|iPhoneSimulator
		{DF822146-67BD-45DF-8FD6-1F953851DB0C}.Ad-Hoc|iPhoneSimulator.Build.0 = Ad-Hoc|iPhoneSimulator
		{DF822146-67BD-45DF-8FD6-1F953851DB0C}.Ad-Hoc|iPhoneSimulator.Deploy.0 = Ad-Hoc|iPhoneSimulator
		{DF822146-67BD-45DF-8FD6-1F953851DB0C}.Ad-Hoc|x64.ActiveCfg = Ad-Hoc|iPhoneSimulator
		{DF822146-67BD-45DF-8FD6-1F953851DB0C}.Ad-Hoc|x86.ActiveCfg = Ad-Hoc|iPhoneSimulator
		{DF822146-67BD-45DF-8FD6-1F953851DB0C}.AppStore|Any CPU.ActiveCfg = AppStore|iPhone
		{DF822146-67BD-45DF-8FD6-1F953851DB0C}.AppStore|Any CPU.Build.0 = AppStore|iPhone
		{DF822146-67BD-45DF-8FD6-1F953851DB0C}.AppStore|Any CPU.Deploy.0 = AppStore|iPhone
		{DF822146-67BD-45DF-8FD6-1F953851DB0C}.AppStore|ARM.ActiveCfg = AppStore|iPhoneSimulator
		{DF822146-67BD-45DF-8FD6-1F953851DB0C}.AppStore|iPhone.ActiveCfg = AppStore|iPhone
		{DF822146-67BD-45DF-8FD6-1F953851DB0C}.AppStore|iPhone.Build.0 = AppStore|iPhone
		{DF822146-67BD-45DF-8FD6-1F953851DB0C}.AppStore|iPhone.Deploy.0 = AppStore|iPhone
		{DF822146-67BD-45DF-8FD6-1F953851DB0C}.AppStore|iPhoneSimulator.ActiveCfg = AppStore|iPhoneSimulator
		{DF822146-67BD-45DF-8FD6-1F953851DB0C}.AppStore|iPhoneSimulator.Build.0 = AppStore|iPhoneSimulator
		{DF822146-67BD-45DF-8FD6-1F953851DB0C}.AppStore|iPhoneSimulator.Deploy.0 = AppStore|iPhoneSimulator
		{DF822146-67BD-45DF-8FD6-1F953851DB0C}.AppStore|x64.ActiveCfg = AppStore|iPhoneSimulator
		{DF822146-67BD-45DF-8FD6-1F953851DB0C}.AppStore|x86.ActiveCfg = AppStore|iPhoneSimulator
		{DF822146-67BD-45DF-8FD6-1F953851DB0C}.Debug|Any CPU.ActiveCfg = Debug|iPhoneSimulator
		{DF822146-67BD-45DF-8FD6-1F953851DB0C}.Debug|Any CPU.Build.0 = Debug|iPhoneSimulator
		{DF822146-67BD-45DF-8FD6-1F953851DB0C}.Debug|Any CPU.Deploy.0 = Debug|iPhoneSimulator
		{DF822146-67BD-45DF-8FD6-1F953851DB0C}.Debug|ARM.ActiveCfg = Debug|iPhone
		{DF822146-67BD-45DF-8FD6-1F953851DB0C}.Debug|iPhone.ActiveCfg = Debug|iPhone
		{DF822146-67BD-45DF-8FD6-1F953851DB0C}.Debug|iPhone.Build.0 = Debug|iPhone
		{DF822146-67BD-45DF-8FD6-1F953851DB0C}.Debug|iPhone.Deploy.0 = Debug|iPhone
		{DF822146-67BD-45DF-8FD6-1F953851DB0C}.Debug|iPhoneSimulator.ActiveCfg = Debug|iPhoneSimulator
		{DF822146-67BD-45DF-8FD6-1F953851DB0C}.Debug|iPhoneSimulator.Build.0 = Debug|iPhoneSimulator
		{DF822146-67BD-45DF-8FD6-1F953851DB0C}.Debug|iPhoneSimulator.Deploy.0 = Debug|iPhoneSimulator
		{DF822146-67BD-45DF-8FD6-1F953851DB0C}.Debug|x64.ActiveCfg = Debug|iPhone
		{DF822146-67BD-45DF-8FD6-1F953851DB0C}.Debug|x86.ActiveCfg = Debug|iPhone
		{DF822146-67BD-45DF-8FD6-1F953851DB0C}.Release|Any CPU.ActiveCfg = Release|iPhone
		{DF822146-67BD-45DF-8FD6-1F953851DB0C}.Release|Any CPU.Build.0 = Release|iPhone
		{DF822146-67BD-45DF-8FD6-1F953851DB0C}.Release|Any CPU.Deploy.0 = Release|iPhone
		{DF822146-67BD-45DF-8FD6-1F953851DB0C}.Release|ARM.ActiveCfg = Release|iPhoneSimulator
		{DF822146-67BD-45DF-8FD6-1F953851DB0C}.Release|iPhone.ActiveCfg = Release|iPhone
		{DF822146-67BD-45DF-8FD6-1F953851DB0C}.Release|iPhone.Build.0 = Release|iPhone
		{DF822146-67BD-45DF-8FD6-1F953851DB0C}.Release|iPhone.Deploy.0 = Release|iPhone
		{DF822146-67BD-45DF-8FD6-1F953851DB0C}.Release|iPhoneSimulator.ActiveCfg = Release|iPhoneSimulator
		{DF822146-67BD-45DF-8FD6-1F953851DB0C}.Release|iPhoneSimulator.Build.0 = Release|iPhoneSimulator
		{DF822146-67BD-45DF-8FD6-1F953851DB0C}.Release|iPhoneSimulator.Deploy.0 = Release|iPhoneSimulator
		{DF822146-67BD-45DF-8FD6-1F953851DB0C}.Release|x64.ActiveCfg = Release|iPhoneSimulator
		{DF822146-67BD-45DF-8FD6-1F953851DB0C}.Release|x86.ActiveCfg = Release|iPhoneSimulator
		{98A516F9-655D-4CEB-A816-A2C0E7C3C6E5}.Ad-Hoc|Any CPU.ActiveCfg = Debug|Any CPU
		{98A516F9-655D-4CEB-A816-A2C0E7C3C6E5}.Ad-Hoc|Any CPU.Build.0 = Debug|Any CPU
		{98A516F9-655D-4CEB-A816-A2C0E7C3C6E5}.Ad-Hoc|Any CPU.Deploy.0 = Debug|Any CPU
		{98A516F9-655D-4CEB-A816-A2C0E7C3C6E5}.Ad-Hoc|ARM.ActiveCfg = Release|Any CPU
		{98A516F9-655D-4CEB-A816-A2C0E7C3C6E5}.Ad-Hoc|ARM.Build.0 = Release|Any CPU
		{98A516F9-655D-4CEB-A816-A2C0E7C3C6E5}.Ad-Hoc|iPhone.ActiveCfg = Debug|Any CPU
		{98A516F9-655D-4CEB-A816-A2C0E7C3C6E5}.Ad-Hoc|iPhone.Build.0 = Debug|Any CPU
		{98A516F9-655D-4CEB-A816-A2C0E7C3C6E5}.Ad-Hoc|iPhone.Deploy.0 = Debug|Any CPU
		{98A516F9-655D-4CEB-A816-A2C0E7C3C6E5}.Ad-Hoc|iPhoneSimulator.ActiveCfg = Debug|Any CPU
		{98A516F9-655D-4CEB-A816-A2C0E7C3C6E5}.Ad-Hoc|iPhoneSimulator.Build.0 = Debug|Any CPU
		{98A516F9-655D-4CEB-A816-A2C0E7C3C6E5}.Ad-Hoc|iPhoneSimulator.Deploy.0 = Debug|Any CPU
		{98A516F9-655D-4CEB-A816-A2C0E7C3C6E5}.Ad-Hoc|x64.ActiveCfg = Release|Any CPU
		{98A516F9-655D-4CEB-A816-A2C0E7C3C6E5}.Ad-Hoc|x64.Build.0 = Release|Any CPU
		{98A516F9-655D-4CEB-A816-A2C0E7C3C6E5}.Ad-Hoc|x86.ActiveCfg = Release|Any CPU
		{98A516F9-655D-4CEB-A816-A2C0E7C3C6E5}.Ad-Hoc|x86.Build.0 = Release|Any CPU
		{98A516F9-655D-4CEB-A816-A2C0E7C3C6E5}.AppStore|Any CPU.ActiveCfg = Debug|Any CPU
		{98A516F9-655D-4CEB-A816-A2C0E7C3C6E5}.AppStore|Any CPU.Build.0 = Debug|Any CPU
		{98A516F9-655D-4CEB-A816-A2C0E7C3C6E5}.AppStore|Any CPU.Deploy.0 = Debug|Any CPU
		{98A516F9-655D-4CEB-A816-A2C0E7C3C6E5}.AppStore|ARM.ActiveCfg = Release|Any CPU
		{98A516F9-655D-4CEB-A816-A2C0E7C3C6E5}.AppStore|ARM.Build.0 = Release|Any CPU
		{98A516F9-655D-4CEB-A816-A2C0E7C3C6E5}.AppStore|iPhone.ActiveCfg = Debug|Any CPU
		{98A516F9-655D-4CEB-A816-A2C0E7C3C6E5}.AppStore|iPhone.Build.0 = Debug|Any CPU
		{98A516F9-655D-4CEB-A816-A2C0E7C3C6E5}.AppStore|iPhone.Deploy.0 = Debug|Any CPU
		{98A516F9-655D-4CEB-A816-A2C0E7C3C6E5}.AppStore|iPhoneSimulator.ActiveCfg = Debug|Any CPU
		{98A516F9-655D-4CEB-A816-A2C0E7C3C6E5}.AppStore|iPhoneSimulator.Build.0 = Debug|Any CPU
		{98A516F9-655D-4CEB-A816-A2C0E7C3C6E5}.AppStore|iPhoneSimulator.Deploy.0 = Debug|Any CPU
		{98A516F9-655D-4CEB-A816-A2C0E7C3C6E5}.AppStore|x64.ActiveCfg = Release|Any CPU
		{98A516F9-655D-4CEB-A816-A2C0E7C3C6E5}.AppStore|x64.Build.0 = Release|Any CPU
		{98A516F9-655D-4CEB-A816-A2C0E7C3C6E5}.AppStore|x86.ActiveCfg = Release|Any CPU
		{98A516F9-655D-4CEB-A816-A2C0E7C3C6E5}.AppStore|x86.Build.0 = Release|Any CPU
		{98A516F9-655D-4CEB-A816-A2C0E7C3C6E5}.Debug|Any CPU.ActiveCfg = Debug|Any CPU
		{98A516F9-655D-4CEB-A816-A2C0E7C3C6E5}.Debug|Any CPU.Build.0 = Debug|Any CPU
		{98A516F9-655D-4CEB-A816-A2C0E7C3C6E5}.Debug|Any CPU.Deploy.0 = Debug|Any CPU
		{98A516F9-655D-4CEB-A816-A2C0E7C3C6E5}.Debug|ARM.ActiveCfg = Debug|Any CPU
		{98A516F9-655D-4CEB-A816-A2C0E7C3C6E5}.Debug|ARM.Build.0 = Debug|Any CPU
		{98A516F9-655D-4CEB-A816-A2C0E7C3C6E5}.Debug|iPhone.ActiveCfg = Debug|Any CPU
		{98A516F9-655D-4CEB-A816-A2C0E7C3C6E5}.Debug|iPhone.Build.0 = Debug|Any CPU
		{98A516F9-655D-4CEB-A816-A2C0E7C3C6E5}.Debug|iPhone.Deploy.0 = Debug|Any CPU
		{98A516F9-655D-4CEB-A816-A2C0E7C3C6E5}.Debug|iPhoneSimulator.ActiveCfg = Debug|Any CPU
		{98A516F9-655D-4CEB-A816-A2C0E7C3C6E5}.Debug|iPhoneSimulator.Build.0 = Debug|Any CPU
		{98A516F9-655D-4CEB-A816-A2C0E7C3C6E5}.Debug|iPhoneSimulator.Deploy.0 = Debug|Any CPU
		{98A516F9-655D-4CEB-A816-A2C0E7C3C6E5}.Debug|x64.ActiveCfg = Debug|Any CPU
		{98A516F9-655D-4CEB-A816-A2C0E7C3C6E5}.Debug|x64.Build.0 = Debug|Any CPU
		{98A516F9-655D-4CEB-A816-A2C0E7C3C6E5}.Debug|x86.ActiveCfg = Debug|Any CPU
		{98A516F9-655D-4CEB-A816-A2C0E7C3C6E5}.Debug|x86.Build.0 = Debug|Any CPU
		{98A516F9-655D-4CEB-A816-A2C0E7C3C6E5}.Release|Any CPU.ActiveCfg = Release|Any CPU
		{98A516F9-655D-4CEB-A816-A2C0E7C3C6E5}.Release|Any CPU.Build.0 = Release|Any CPU
		{98A516F9-655D-4CEB-A816-A2C0E7C3C6E5}.Release|Any CPU.Deploy.0 = Release|Any CPU
		{98A516F9-655D-4CEB-A816-A2C0E7C3C6E5}.Release|ARM.ActiveCfg = Release|Any CPU
		{98A516F9-655D-4CEB-A816-A2C0E7C3C6E5}.Release|ARM.Build.0 = Release|Any CPU
		{98A516F9-655D-4CEB-A816-A2C0E7C3C6E5}.Release|iPhone.ActiveCfg = Release|Any CPU
		{98A516F9-655D-4CEB-A816-A2C0E7C3C6E5}.Release|iPhone.Build.0 = Release|Any CPU
		{98A516F9-655D-4CEB-A816-A2C0E7C3C6E5}.Release|iPhone.Deploy.0 = Release|Any CPU
		{98A516F9-655D-4CEB-A816-A2C0E7C3C6E5}.Release|iPhoneSimulator.ActiveCfg = Release|Any CPU
		{98A516F9-655D-4CEB-A816-A2C0E7C3C6E5}.Release|iPhoneSimulator.Build.0 = Release|Any CPU
		{98A516F9-655D-4CEB-A816-A2C0E7C3C6E5}.Release|iPhoneSimulator.Deploy.0 = Release|Any CPU
		{98A516F9-655D-4CEB-A816-A2C0E7C3C6E5}.Release|x64.ActiveCfg = Release|Any CPU
		{98A516F9-655D-4CEB-A816-A2C0E7C3C6E5}.Release|x64.Build.0 = Release|Any CPU
		{98A516F9-655D-4CEB-A816-A2C0E7C3C6E5}.Release|x86.ActiveCfg = Release|Any CPU
		{98A516F9-655D-4CEB-A816-A2C0E7C3C6E5}.Release|x86.Build.0 = Release|Any CPU
		{F17A6F31-460F-48FA-8E2C-93FD721F39BD}.Ad-Hoc|Any CPU.ActiveCfg = Release|Any CPU
		{F17A6F31-460F-48FA-8E2C-93FD721F39BD}.Ad-Hoc|Any CPU.Build.0 = Release|Any CPU
		{F17A6F31-460F-48FA-8E2C-93FD721F39BD}.Ad-Hoc|ARM.ActiveCfg = Release|Any CPU
		{F17A6F31-460F-48FA-8E2C-93FD721F39BD}.Ad-Hoc|ARM.Build.0 = Release|Any CPU
		{F17A6F31-460F-48FA-8E2C-93FD721F39BD}.Ad-Hoc|iPhone.ActiveCfg = Release|Any CPU
		{F17A6F31-460F-48FA-8E2C-93FD721F39BD}.Ad-Hoc|iPhone.Build.0 = Release|Any CPU
		{F17A6F31-460F-48FA-8E2C-93FD721F39BD}.Ad-Hoc|iPhoneSimulator.ActiveCfg = Release|Any CPU
		{F17A6F31-460F-48FA-8E2C-93FD721F39BD}.Ad-Hoc|iPhoneSimulator.Build.0 = Release|Any CPU
		{F17A6F31-460F-48FA-8E2C-93FD721F39BD}.Ad-Hoc|x64.ActiveCfg = Release|Any CPU
		{F17A6F31-460F-48FA-8E2C-93FD721F39BD}.Ad-Hoc|x64.Build.0 = Release|Any CPU
		{F17A6F31-460F-48FA-8E2C-93FD721F39BD}.Ad-Hoc|x86.ActiveCfg = Release|Any CPU
		{F17A6F31-460F-48FA-8E2C-93FD721F39BD}.Ad-Hoc|x86.Build.0 = Release|Any CPU
		{F17A6F31-460F-48FA-8E2C-93FD721F39BD}.AppStore|Any CPU.ActiveCfg = Release|Any CPU
		{F17A6F31-460F-48FA-8E2C-93FD721F39BD}.AppStore|Any CPU.Build.0 = Release|Any CPU
		{F17A6F31-460F-48FA-8E2C-93FD721F39BD}.AppStore|ARM.ActiveCfg = Release|Any CPU
		{F17A6F31-460F-48FA-8E2C-93FD721F39BD}.AppStore|ARM.Build.0 = Release|Any CPU
		{F17A6F31-460F-48FA-8E2C-93FD721F39BD}.AppStore|iPhone.ActiveCfg = Release|Any CPU
		{F17A6F31-460F-48FA-8E2C-93FD721F39BD}.AppStore|iPhone.Build.0 = Release|Any CPU
		{F17A6F31-460F-48FA-8E2C-93FD721F39BD}.AppStore|iPhoneSimulator.ActiveCfg = Release|Any CPU
		{F17A6F31-460F-48FA-8E2C-93FD721F39BD}.AppStore|iPhoneSimulator.Build.0 = Release|Any CPU
		{F17A6F31-460F-48FA-8E2C-93FD721F39BD}.AppStore|x64.ActiveCfg = Release|Any CPU
		{F17A6F31-460F-48FA-8E2C-93FD721F39BD}.AppStore|x64.Build.0 = Release|Any CPU
		{F17A6F31-460F-48FA-8E2C-93FD721F39BD}.AppStore|x86.ActiveCfg = Release|Any CPU
		{F17A6F31-460F-48FA-8E2C-93FD721F39BD}.AppStore|x86.Build.0 = Release|Any CPU
		{F17A6F31-460F-48FA-8E2C-93FD721F39BD}.Debug|Any CPU.ActiveCfg = Debug|Any CPU
		{F17A6F31-460F-48FA-8E2C-93FD721F39BD}.Debug|Any CPU.Build.0 = Debug|Any CPU
		{F17A6F31-460F-48FA-8E2C-93FD721F39BD}.Debug|ARM.ActiveCfg = Debug|Any CPU
		{F17A6F31-460F-48FA-8E2C-93FD721F39BD}.Debug|ARM.Build.0 = Debug|Any CPU
		{F17A6F31-460F-48FA-8E2C-93FD721F39BD}.Debug|iPhone.ActiveCfg = Debug|Any CPU
		{F17A6F31-460F-48FA-8E2C-93FD721F39BD}.Debug|iPhone.Build.0 = Debug|Any CPU
		{F17A6F31-460F-48FA-8E2C-93FD721F39BD}.Debug|iPhoneSimulator.ActiveCfg = Debug|Any CPU
		{F17A6F31-460F-48FA-8E2C-93FD721F39BD}.Debug|iPhoneSimulator.Build.0 = Debug|Any CPU
		{F17A6F31-460F-48FA-8E2C-93FD721F39BD}.Debug|x64.ActiveCfg = Debug|Any CPU
		{F17A6F31-460F-48FA-8E2C-93FD721F39BD}.Debug|x64.Build.0 = Debug|Any CPU
		{F17A6F31-460F-48FA-8E2C-93FD721F39BD}.Debug|x86.ActiveCfg = Debug|Any CPU
		{F17A6F31-460F-48FA-8E2C-93FD721F39BD}.Debug|x86.Build.0 = Debug|Any CPU
		{F17A6F31-460F-48FA-8E2C-93FD721F39BD}.Release|Any CPU.ActiveCfg = Release|Any CPU
		{F17A6F31-460F-48FA-8E2C-93FD721F39BD}.Release|Any CPU.Build.0 = Release|Any CPU
		{F17A6F31-460F-48FA-8E2C-93FD721F39BD}.Release|ARM.ActiveCfg = Release|Any CPU
		{F17A6F31-460F-48FA-8E2C-93FD721F39BD}.Release|ARM.Build.0 = Release|Any CPU
		{F17A6F31-460F-48FA-8E2C-93FD721F39BD}.Release|iPhone.ActiveCfg = Release|Any CPU
		{F17A6F31-460F-48FA-8E2C-93FD721F39BD}.Release|iPhone.Build.0 = Release|Any CPU
		{F17A6F31-460F-48FA-8E2C-93FD721F39BD}.Release|iPhoneSimulator.ActiveCfg = Release|Any CPU
		{F17A6F31-460F-48FA-8E2C-93FD721F39BD}.Release|iPhoneSimulator.Build.0 = Release|Any CPU
		{F17A6F31-460F-48FA-8E2C-93FD721F39BD}.Release|x64.ActiveCfg = Release|Any CPU
		{F17A6F31-460F-48FA-8E2C-93FD721F39BD}.Release|x64.Build.0 = Release|Any CPU
		{F17A6F31-460F-48FA-8E2C-93FD721F39BD}.Release|x86.ActiveCfg = Release|Any CPU
		{F17A6F31-460F-48FA-8E2C-93FD721F39BD}.Release|x86.Build.0 = Release|Any CPU
		{E717A0A6-DEF8-4ABD-8DCE-408002B285C5}.Ad-Hoc|Any CPU.ActiveCfg = Release|Any CPU
		{E717A0A6-DEF8-4ABD-8DCE-408002B285C5}.Ad-Hoc|Any CPU.Build.0 = Release|Any CPU
		{E717A0A6-DEF8-4ABD-8DCE-408002B285C5}.Ad-Hoc|ARM.ActiveCfg = Release|Any CPU
		{E717A0A6-DEF8-4ABD-8DCE-408002B285C5}.Ad-Hoc|ARM.Build.0 = Release|Any CPU
		{E717A0A6-DEF8-4ABD-8DCE-408002B285C5}.Ad-Hoc|iPhone.ActiveCfg = Release|Any CPU
		{E717A0A6-DEF8-4ABD-8DCE-408002B285C5}.Ad-Hoc|iPhone.Build.0 = Release|Any CPU
		{E717A0A6-DEF8-4ABD-8DCE-408002B285C5}.Ad-Hoc|iPhoneSimulator.ActiveCfg = Release|Any CPU
		{E717A0A6-DEF8-4ABD-8DCE-408002B285C5}.Ad-Hoc|iPhoneSimulator.Build.0 = Release|Any CPU
		{E717A0A6-DEF8-4ABD-8DCE-408002B285C5}.Ad-Hoc|x64.ActiveCfg = Release|Any CPU
		{E717A0A6-DEF8-4ABD-8DCE-408002B285C5}.Ad-Hoc|x64.Build.0 = Release|Any CPU
		{E717A0A6-DEF8-4ABD-8DCE-408002B285C5}.Ad-Hoc|x86.ActiveCfg = Release|Any CPU
		{E717A0A6-DEF8-4ABD-8DCE-408002B285C5}.Ad-Hoc|x86.Build.0 = Release|Any CPU
		{E717A0A6-DEF8-4ABD-8DCE-408002B285C5}.AppStore|Any CPU.ActiveCfg = Release|Any CPU
		{E717A0A6-DEF8-4ABD-8DCE-408002B285C5}.AppStore|Any CPU.Build.0 = Release|Any CPU
		{E717A0A6-DEF8-4ABD-8DCE-408002B285C5}.AppStore|ARM.ActiveCfg = Release|Any CPU
		{E717A0A6-DEF8-4ABD-8DCE-408002B285C5}.AppStore|ARM.Build.0 = Release|Any CPU
		{E717A0A6-DEF8-4ABD-8DCE-408002B285C5}.AppStore|iPhone.ActiveCfg = Release|Any CPU
		{E717A0A6-DEF8-4ABD-8DCE-408002B285C5}.AppStore|iPhone.Build.0 = Release|Any CPU
		{E717A0A6-DEF8-4ABD-8DCE-408002B285C5}.AppStore|iPhoneSimulator.ActiveCfg = Release|Any CPU
		{E717A0A6-DEF8-4ABD-8DCE-408002B285C5}.AppStore|iPhoneSimulator.Build.0 = Release|Any CPU
		{E717A0A6-DEF8-4ABD-8DCE-408002B285C5}.AppStore|x64.ActiveCfg = Release|Any CPU
		{E717A0A6-DEF8-4ABD-8DCE-408002B285C5}.AppStore|x64.Build.0 = Release|Any CPU
		{E717A0A6-DEF8-4ABD-8DCE-408002B285C5}.AppStore|x86.ActiveCfg = Release|Any CPU
		{E717A0A6-DEF8-4ABD-8DCE-408002B285C5}.AppStore|x86.Build.0 = Release|Any CPU
		{E717A0A6-DEF8-4ABD-8DCE-408002B285C5}.Debug|Any CPU.ActiveCfg = Debug|Any CPU
		{E717A0A6-DEF8-4ABD-8DCE-408002B285C5}.Debug|Any CPU.Build.0 = Debug|Any CPU
		{E717A0A6-DEF8-4ABD-8DCE-408002B285C5}.Debug|ARM.ActiveCfg = Debug|Any CPU
		{E717A0A6-DEF8-4ABD-8DCE-408002B285C5}.Debug|ARM.Build.0 = Debug|Any CPU
		{E717A0A6-DEF8-4ABD-8DCE-408002B285C5}.Debug|iPhone.ActiveCfg = Debug|Any CPU
		{E717A0A6-DEF8-4ABD-8DCE-408002B285C5}.Debug|iPhone.Build.0 = Debug|Any CPU
		{E717A0A6-DEF8-4ABD-8DCE-408002B285C5}.Debug|iPhoneSimulator.ActiveCfg = Debug|Any CPU
		{E717A0A6-DEF8-4ABD-8DCE-408002B285C5}.Debug|iPhoneSimulator.Build.0 = Debug|Any CPU
		{E717A0A6-DEF8-4ABD-8DCE-408002B285C5}.Debug|x64.ActiveCfg = Debug|Any CPU
		{E717A0A6-DEF8-4ABD-8DCE-408002B285C5}.Debug|x64.Build.0 = Debug|Any CPU
		{E717A0A6-DEF8-4ABD-8DCE-408002B285C5}.Debug|x86.ActiveCfg = Debug|Any CPU
		{E717A0A6-DEF8-4ABD-8DCE-408002B285C5}.Debug|x86.Build.0 = Debug|Any CPU
		{E717A0A6-DEF8-4ABD-8DCE-408002B285C5}.Release|Any CPU.ActiveCfg = Release|Any CPU
		{E717A0A6-DEF8-4ABD-8DCE-408002B285C5}.Release|Any CPU.Build.0 = Release|Any CPU
		{E717A0A6-DEF8-4ABD-8DCE-408002B285C5}.Release|ARM.ActiveCfg = Release|Any CPU
		{E717A0A6-DEF8-4ABD-8DCE-408002B285C5}.Release|ARM.Build.0 = Release|Any CPU
		{E717A0A6-DEF8-4ABD-8DCE-408002B285C5}.Release|iPhone.ActiveCfg = Release|Any CPU
		{E717A0A6-DEF8-4ABD-8DCE-408002B285C5}.Release|iPhone.Build.0 = Release|Any CPU
		{E717A0A6-DEF8-4ABD-8DCE-408002B285C5}.Release|iPhoneSimulator.ActiveCfg = Release|Any CPU
		{E717A0A6-DEF8-4ABD-8DCE-408002B285C5}.Release|iPhoneSimulator.Build.0 = Release|Any CPU
		{E717A0A6-DEF8-4ABD-8DCE-408002B285C5}.Release|x64.ActiveCfg = Release|Any CPU
		{E717A0A6-DEF8-4ABD-8DCE-408002B285C5}.Release|x64.Build.0 = Release|Any CPU
		{E717A0A6-DEF8-4ABD-8DCE-408002B285C5}.Release|x86.ActiveCfg = Release|Any CPU
		{E717A0A6-DEF8-4ABD-8DCE-408002B285C5}.Release|x86.Build.0 = Release|Any CPU
	EndGlobalSection
	GlobalSection(SolutionProperties) = preSolution
		HideSolutionNode = FALSE
	EndGlobalSection
	GlobalSection(NestedProjects) = preSolution
		{D545A939-F33B-4ED6-88FD-67B2CFED5173} = {CFE8041B-C6FB-4E12-ABF5-6B1CCBA5A868}
		{DF822146-67BD-45DF-8FD6-1F953851DB0C} = {CFE8041B-C6FB-4E12-ABF5-6B1CCBA5A868}
		{98A516F9-655D-4CEB-A816-A2C0E7C3C6E5} = {CFE8041B-C6FB-4E12-ABF5-6B1CCBA5A868}
		{504C5299-9EB5-425E-A885-30C808C467E4} = {50D6E400-A893-4D2E-B33A-02729769EF4C}
		{71986C3E-2FEF-4BC9-8A02-49014CE2C371} = {CFE8041B-C6FB-4E12-ABF5-6B1CCBA5A868}
		{F17A6F31-460F-48FA-8E2C-93FD721F39BD} = {CFE8041B-C6FB-4E12-ABF5-6B1CCBA5A868}
		{E717A0A6-DEF8-4ABD-8DCE-408002B285C5} = {A06D6EDD-0672-46DB-9F04-4C396A2C6447}
	EndGlobalSection
	GlobalSection(ExtensibilityGlobals) = postSolution
		SolutionGuid = {93E88709-FDB7-4D3A-A1F9-EB504D291233}
	EndGlobalSection
EndGlobal
